// !$*UTF8*$!
{
	archiveVersion = 1;
	classes = {
	};
	objectVersion = 52;
	objects = {

/* Begin PBXBuildFile section */
		9635E5322778A202009E82D4 /* AppDelegate.swift in Sources */ = {isa = PBXBuildFile; fileRef = 9635E5312778A202009E82D4 /* AppDelegate.swift */; };
		9635E5342778A202009E82D4 /* SceneDelegate.swift in Sources */ = {isa = PBXBuildFile; fileRef = 9635E5332778A202009E82D4 /* SceneDelegate.swift */; };
		9635E53B2778A205009E82D4 /* Assets.xcassets in Resources */ = {isa = PBXBuildFile; fileRef = 9635E53A2778A205009E82D4 /* Assets.xcassets */; };
		9635E53E2778A205009E82D4 /* LaunchScreen.storyboard in Resources */ = {isa = PBXBuildFile; fileRef = 9635E53C2778A205009E82D4 /* LaunchScreen.storyboard */; };
		96648C0C277A55F40000138D /* Alamofire in Frameworks */ = {isa = PBXBuildFile; productRef = 96648C0B277A55F40000138D /* Alamofire */; };
		F6162BC02785099F00C31C46 /* AuthentificationContract.swift in Sources */ = {isa = PBXBuildFile; fileRef = F6162BB42785099F00C31C46 /* AuthentificationContract.swift */; };
		F6162BC12785099F00C31C46 /* AuthentificationAssembly.swift in Sources */ = {isa = PBXBuildFile; fileRef = F6162BB62785099F00C31C46 /* AuthentificationAssembly.swift */; };
		F6162BC22785099F00C31C46 /* AuthentificationPresenter.swift in Sources */ = {isa = PBXBuildFile; fileRef = F6162BB82785099F00C31C46 /* AuthentificationPresenter.swift */; };
		F6162BC42785099F00C31C46 /* AuthentificationViewController.swift in Sources */ = {isa = PBXBuildFile; fileRef = F6162BBB2785099F00C31C46 /* AuthentificationViewController.swift */; };
		F6162BC62785099F00C31C46 /* AuthentificationRouter.swift in Sources */ = {isa = PBXBuildFile; fileRef = F6162BBF2785099F00C31C46 /* AuthentificationRouter.swift */; };
/* End PBXBuildFile section */

/* Begin PBXFileReference section */
		9635E52E2778A202009E82D4 /* Swifty Proteins.app */ = {isa = PBXFileReference; explicitFileType = wrapper.application; includeInIndex = 0; path = "Swifty Proteins.app"; sourceTree = BUILT_PRODUCTS_DIR; };
		9635E5312778A202009E82D4 /* AppDelegate.swift */ = {isa = PBXFileReference; lastKnownFileType = sourcecode.swift; path = AppDelegate.swift; sourceTree = "<group>"; };
		9635E5332778A202009E82D4 /* SceneDelegate.swift */ = {isa = PBXFileReference; lastKnownFileType = sourcecode.swift; path = SceneDelegate.swift; sourceTree = "<group>"; };
		9635E53A2778A205009E82D4 /* Assets.xcassets */ = {isa = PBXFileReference; lastKnownFileType = folder.assetcatalog; path = Assets.xcassets; sourceTree = "<group>"; };
		9635E53D2778A205009E82D4 /* Base */ = {isa = PBXFileReference; lastKnownFileType = file.storyboard; name = Base; path = Base.lproj/LaunchScreen.storyboard; sourceTree = "<group>"; };
		9635E53F2778A205009E82D4 /* Info.plist */ = {isa = PBXFileReference; lastKnownFileType = text.plist.xml; path = Info.plist; sourceTree = "<group>"; };
		96ED95A3278365C700AC4DDC /* ligands.txt */ = {isa = PBXFileReference; lastKnownFileType = text; path = ligands.txt; sourceTree = "<group>"; };
		F6162BB42785099F00C31C46 /* AuthentificationContract.swift */ = {isa = PBXFileReference; fileEncoding = 4; lastKnownFileType = sourcecode.swift; path = AuthentificationContract.swift; sourceTree = "<group>"; };
		F6162BB62785099F00C31C46 /* AuthentificationAssembly.swift */ = {isa = PBXFileReference; fileEncoding = 4; lastKnownFileType = sourcecode.swift; path = AuthentificationAssembly.swift; sourceTree = "<group>"; };
		F6162BB82785099F00C31C46 /* AuthentificationPresenter.swift */ = {isa = PBXFileReference; fileEncoding = 4; lastKnownFileType = sourcecode.swift; path = AuthentificationPresenter.swift; sourceTree = "<group>"; };
		F6162BBB2785099F00C31C46 /* AuthentificationViewController.swift */ = {isa = PBXFileReference; fileEncoding = 4; lastKnownFileType = sourcecode.swift; path = AuthentificationViewController.swift; sourceTree = "<group>"; };
		F6162BBF2785099F00C31C46 /* AuthentificationRouter.swift */ = {isa = PBXFileReference; fileEncoding = 4; lastKnownFileType = sourcecode.swift; path = AuthentificationRouter.swift; sourceTree = "<group>"; };
/* End PBXFileReference section */

/* Begin PBXFrameworksBuildPhase section */
		9635E52B2778A202009E82D4 /* Frameworks */ = {
			isa = PBXFrameworksBuildPhase;
			buildActionMask = 2147483647;
			files = (
				96648C0C277A55F40000138D /* Alamofire in Frameworks */,
			);
			runOnlyForDeploymentPostprocessing = 0;
		};
/* End PBXFrameworksBuildPhase section */

/* Begin PBXGroup section */
		9635E5252778A202009E82D4 = {
			isa = PBXGroup;
			children = (
				9635E5302778A202009E82D4 /* Swifty Proteins */,
				96E59FB127791D1D0094AD4C /* Supporting Files */,
				9635E52F2778A202009E82D4 /* Products */,
			);
			sourceTree = "<group>";
		};
		9635E52F2778A202009E82D4 /* Products */ = {
			isa = PBXGroup;
			children = (
				9635E52E2778A202009E82D4 /* Swifty Proteins.app */,
			);
			name = Products;
			sourceTree = "<group>";
		};
		9635E5302778A202009E82D4 /* Swifty Proteins */ = {
			isa = PBXGroup;
			children = (
				F6162BB12785097200C31C46 /* Modules */,
			);
			path = "Swifty Proteins";
			sourceTree = "<group>";
		};
		96E59FB127791D1D0094AD4C /* Supporting Files */ = {
			isa = PBXGroup;
			children = (
				9635E5312778A202009E82D4 /* AppDelegate.swift */,
				9635E5332778A202009E82D4 /* SceneDelegate.swift */,
				96E59FB227791D270094AD4C /* Assets.xcassets */,
				96E59FB327791D320094AD4C /* Base.lproj */,
				9635E53F2778A205009E82D4 /* Info.plist */,
				96ED95A3278365C700AC4DDC /* ligands.txt */,
			);
			path = "Supporting Files";
			sourceTree = "<group>";
		};
		96E59FB227791D270094AD4C /* Assets.xcassets */ = {
			isa = PBXGroup;
			children = (
				9635E53A2778A205009E82D4 /* Assets.xcassets */,
			);
			path = Assets.xcassets;
			sourceTree = "<group>";
		};
		96E59FB327791D320094AD4C /* Base.lproj */ = {
			isa = PBXGroup;
			children = (
				9635E53C2778A205009E82D4 /* LaunchScreen.storyboard */,
			);
			path = Base.lproj;
			sourceTree = "<group>";
		};
		F6162BB12785097200C31C46 /* Modules */ = {
			isa = PBXGroup;
			children = (
				F6162BB22785099F00C31C46 /* Authentification */,
			);
			path = Modules;
			sourceTree = "<group>";
		};
		F6162BB22785099F00C31C46 /* Authentification */ = {
			isa = PBXGroup;
			children = (
				F6162BB32785099F00C31C46 /* Contract */,
				F6162BB52785099F00C31C46 /* Assembly */,
				F6162BB72785099F00C31C46 /* Presenter */,
				F6162BBA2785099F00C31C46 /* View */,
				F6162BBE2785099F00C31C46 /* Router */,
			);
			path = Authentification;
			sourceTree = "<group>";
		};
		F6162BB32785099F00C31C46 /* Contract */ = {
			isa = PBXGroup;
			children = (
				F6162BB42785099F00C31C46 /* AuthentificationContract.swift */,
			);
			path = Contract;
			sourceTree = "<group>";
		};
		F6162BB52785099F00C31C46 /* Assembly */ = {
			isa = PBXGroup;
			children = (
				F6162BB62785099F00C31C46 /* AuthentificationAssembly.swift */,
			);
			path = Assembly;
			sourceTree = "<group>";
		};
		F6162BB72785099F00C31C46 /* Presenter */ = {
			isa = PBXGroup;
			children = (
				F6162BB82785099F00C31C46 /* AuthentificationPresenter.swift */,
			);
			path = Presenter;
			sourceTree = "<group>";
		};
		F6162BBA2785099F00C31C46 /* View */ = {
			isa = PBXGroup;
			children = (
				F6162BBB2785099F00C31C46 /* AuthentificationViewController.swift */,
			);
			path = View;
			sourceTree = "<group>";
		};
		F6162BBE2785099F00C31C46 /* Router */ = {
			isa = PBXGroup;
			children = (
				F6162BBF2785099F00C31C46 /* AuthentificationRouter.swift */,
			);
			path = Router;
			sourceTree = "<group>";
		};
/* End PBXGroup section */

/* Begin PBXNativeTarget section */
		9635E52D2778A202009E82D4 /* Swifty Proteins */ = {
			isa = PBXNativeTarget;
			buildConfigurationList = 9635E5422778A205009E82D4 /* Build configuration list for PBXNativeTarget "Swifty Proteins" */;
			buildPhases = (
				9635E52A2778A202009E82D4 /* Sources */,
				9635E52B2778A202009E82D4 /* Frameworks */,
				9635E52C2778A202009E82D4 /* Resources */,
			);
			buildRules = (
			);
			dependencies = (
			);
			name = "Swifty Proteins";
			packageProductDependencies = (
				96648C0B277A55F40000138D /* Alamofire */,
			);
			productName = "Swifty Proteins";
			productReference = 9635E52E2778A202009E82D4 /* Swifty Proteins.app */;
			productType = "com.apple.product-type.application";
		};
/* End PBXNativeTarget section */

/* Begin PBXProject section */
		9635E5262778A202009E82D4 /* Project object */ = {
			isa = PBXProject;
			attributes = {
				LastSwiftUpdateCheck = 1250;
				LastUpgradeCheck = 1250;
				TargetAttributes = {
					9635E52D2778A202009E82D4 = {
						CreatedOnToolsVersion = 12.5.1;
					};
				};
			};
			buildConfigurationList = 9635E5292778A202009E82D4 /* Build configuration list for PBXProject "Swifty Proteins" */;
			compatibilityVersion = "Xcode 9.3";
			developmentRegion = en;
			hasScannedForEncodings = 0;
			knownRegions = (
				en,
				Base,
			);
			mainGroup = 9635E5252778A202009E82D4;
			packageReferences = (
				96648C0A277A55F40000138D /* XCRemoteSwiftPackageReference "Alamofire" */,
			);
			productRefGroup = 9635E52F2778A202009E82D4 /* Products */;
			projectDirPath = "";
			projectRoot = "";
			targets = (
				9635E52D2778A202009E82D4 /* Swifty Proteins */,
			);
		};
/* End PBXProject section */

/* Begin PBXResourcesBuildPhase section */
		9635E52C2778A202009E82D4 /* Resources */ = {
			isa = PBXResourcesBuildPhase;
			buildActionMask = 2147483647;
			files = (
				9635E53E2778A205009E82D4 /* LaunchScreen.storyboard in Resources */,
				9635E53B2778A205009E82D4 /* Assets.xcassets in Resources */,
			);
			runOnlyForDeploymentPostprocessing = 0;
		};
/* End PBXResourcesBuildPhase section */

/* Begin PBXSourcesBuildPhase section */
		9635E52A2778A202009E82D4 /* Sources */ = {
			isa = PBXSourcesBuildPhase;
			buildActionMask = 2147483647;
			files = (
				F6162BC22785099F00C31C46 /* AuthentificationPresenter.swift in Sources */,
				9635E5322778A202009E82D4 /* AppDelegate.swift in Sources */,
				F6162BC12785099F00C31C46 /* AuthentificationAssembly.swift in Sources */,
				F6162BC02785099F00C31C46 /* AuthentificationContract.swift in Sources */,
				F6162BC42785099F00C31C46 /* AuthentificationViewController.swift in Sources */,
				9635E5342778A202009E82D4 /* SceneDelegate.swift in Sources */,
				F6162BC62785099F00C31C46 /* AuthentificationRouter.swift in Sources */,
			);
			runOnlyForDeploymentPostprocessing = 0;
		};
/* End PBXSourcesBuildPhase section */

/* Begin PBXVariantGroup section */
		9635E53C2778A205009E82D4 /* LaunchScreen.storyboard */ = {
			isa = PBXVariantGroup;
			children = (
				9635E53D2778A205009E82D4 /* Base */,
			);
			name = LaunchScreen.storyboard;
			sourceTree = "<group>";
		};
/* End PBXVariantGroup section */

/* Begin XCBuildConfiguration section */
		9635E5402778A205009E82D4 /* Debug */ = {
			isa = XCBuildConfiguration;
			buildSettings = {
				ALWAYS_SEARCH_USER_PATHS = NO;
				CLANG_ANALYZER_NONNULL = YES;
				CLANG_ANALYZER_NUMBER_OBJECT_CONVERSION = YES_AGGRESSIVE;
				CLANG_CXX_LANGUAGE_STANDARD = "gnu++14";
				CLANG_CXX_LIBRARY = "libc++";
				CLANG_ENABLE_MODULES = YES;
				CLANG_ENABLE_OBJC_ARC = YES;
				CLANG_ENABLE_OBJC_WEAK = YES;
				CLANG_WARN_BLOCK_CAPTURE_AUTORELEASING = YES;
				CLANG_WARN_BOOL_CONVERSION = YES;
				CLANG_WARN_COMMA = YES;
				CLANG_WARN_CONSTANT_CONVERSION = YES;
				CLANG_WARN_DEPRECATED_OBJC_IMPLEMENTATIONS = YES;
				CLANG_WARN_DIRECT_OBJC_ISA_USAGE = YES_ERROR;
				CLANG_WARN_DOCUMENTATION_COMMENTS = YES;
				CLANG_WARN_EMPTY_BODY = YES;
				CLANG_WARN_ENUM_CONVERSION = YES;
				CLANG_WARN_INFINITE_RECURSION = YES;
				CLANG_WARN_INT_CONVERSION = YES;
				CLANG_WARN_NON_LITERAL_NULL_CONVERSION = YES;
				CLANG_WARN_OBJC_IMPLICIT_RETAIN_SELF = YES;
				CLANG_WARN_OBJC_LITERAL_CONVERSION = YES;
				CLANG_WARN_OBJC_ROOT_CLASS = YES_ERROR;
				CLANG_WARN_QUOTED_INCLUDE_IN_FRAMEWORK_HEADER = YES;
				CLANG_WARN_RANGE_LOOP_ANALYSIS = YES;
				CLANG_WARN_STRICT_PROTOTYPES = YES;
				CLANG_WARN_SUSPICIOUS_MOVE = YES;
				CLANG_WARN_UNGUARDED_AVAILABILITY = YES_AGGRESSIVE;
				CLANG_WARN_UNREACHABLE_CODE = YES;
				CLANG_WARN__DUPLICATE_METHOD_MATCH = YES;
				COPY_PHASE_STRIP = NO;
				DEBUG_INFORMATION_FORMAT = dwarf;
				ENABLE_STRICT_OBJC_MSGSEND = YES;
				ENABLE_TESTABILITY = YES;
				GCC_C_LANGUAGE_STANDARD = gnu11;
				GCC_DYNAMIC_NO_PIC = NO;
				GCC_NO_COMMON_BLOCKS = YES;
				GCC_OPTIMIZATION_LEVEL = 0;
				GCC_PREPROCESSOR_DEFINITIONS = (
					"DEBUG=1",
					"$(inherited)",
				);
				GCC_WARN_64_TO_32_BIT_CONVERSION = YES;
				GCC_WARN_ABOUT_RETURN_TYPE = YES_ERROR;
				GCC_WARN_UNDECLARED_SELECTOR = YES;
				GCC_WARN_UNINITIALIZED_AUTOS = YES_AGGRESSIVE;
				GCC_WARN_UNUSED_FUNCTION = YES;
				GCC_WARN_UNUSED_VARIABLE = YES;
				IPHONEOS_DEPLOYMENT_TARGET = 14.5;
				MTL_ENABLE_DEBUG_INFO = INCLUDE_SOURCE;
				MTL_FAST_MATH = YES;
				ONLY_ACTIVE_ARCH = YES;
				SDKROOT = iphoneos;
				SWIFT_ACTIVE_COMPILATION_CONDITIONS = DEBUG;
				SWIFT_OPTIMIZATION_LEVEL = "-Onone";
			};
			name = Debug;
		};
		9635E5412778A205009E82D4 /* Release */ = {
			isa = XCBuildConfiguration;
			buildSettings = {
				ALWAYS_SEARCH_USER_PATHS = NO;
				CLANG_ANALYZER_NONNULL = YES;
				CLANG_ANALYZER_NUMBER_OBJECT_CONVERSION = YES_AGGRESSIVE;
				CLANG_CXX_LANGUAGE_STANDARD = "gnu++14";
				CLANG_CXX_LIBRARY = "libc++";
				CLANG_ENABLE_MODULES = YES;
				CLANG_ENABLE_OBJC_ARC = YES;
				CLANG_ENABLE_OBJC_WEAK = YES;
				CLANG_WARN_BLOCK_CAPTURE_AUTORELEASING = YES;
				CLANG_WARN_BOOL_CONVERSION = YES;
				CLANG_WARN_COMMA = YES;
				CLANG_WARN_CONSTANT_CONVERSION = YES;
				CLANG_WARN_DEPRECATED_OBJC_IMPLEMENTATIONS = YES;
				CLANG_WARN_DIRECT_OBJC_ISA_USAGE = YES_ERROR;
				CLANG_WARN_DOCUMENTATION_COMMENTS = YES;
				CLANG_WARN_EMPTY_BODY = YES;
				CLANG_WARN_ENUM_CONVERSION = YES;
				CLANG_WARN_INFINITE_RECURSION = YES;
				CLANG_WARN_INT_CONVERSION = YES;
				CLANG_WARN_NON_LITERAL_NULL_CONVERSION = YES;
				CLANG_WARN_OBJC_IMPLICIT_RETAIN_SELF = YES;
				CLANG_WARN_OBJC_LITERAL_CONVERSION = YES;
				CLANG_WARN_OBJC_ROOT_CLASS = YES_ERROR;
				CLANG_WARN_QUOTED_INCLUDE_IN_FRAMEWORK_HEADER = YES;
				CLANG_WARN_RANGE_LOOP_ANALYSIS = YES;
				CLANG_WARN_STRICT_PROTOTYPES = YES;
				CLANG_WARN_SUSPICIOUS_MOVE = YES;
				CLANG_WARN_UNGUARDED_AVAILABILITY = YES_AGGRESSIVE;
				CLANG_WARN_UNREACHABLE_CODE = YES;
				CLANG_WARN__DUPLICATE_METHOD_MATCH = YES;
				COPY_PHASE_STRIP = NO;
				DEBUG_INFORMATION_FORMAT = "dwarf-with-dsym";
				ENABLE_NS_ASSERTIONS = NO;
				ENABLE_STRICT_OBJC_MSGSEND = YES;
				GCC_C_LANGUAGE_STANDARD = gnu11;
				GCC_NO_COMMON_BLOCKS = YES;
				GCC_WARN_64_TO_32_BIT_CONVERSION = YES;
				GCC_WARN_ABOUT_RETURN_TYPE = YES_ERROR;
				GCC_WARN_UNDECLARED_SELECTOR = YES;
				GCC_WARN_UNINITIALIZED_AUTOS = YES_AGGRESSIVE;
				GCC_WARN_UNUSED_FUNCTION = YES;
				GCC_WARN_UNUSED_VARIABLE = YES;
				IPHONEOS_DEPLOYMENT_TARGET = 14.5;
				MTL_ENABLE_DEBUG_INFO = NO;
				MTL_FAST_MATH = YES;
				SDKROOT = iphoneos;
				SWIFT_COMPILATION_MODE = wholemodule;
				SWIFT_OPTIMIZATION_LEVEL = "-O";
				VALIDATE_PRODUCT = YES;
			};
			name = Release;
		};
		9635E5432778A205009E82D4 /* Debug */ = {
			isa = XCBuildConfiguration;
			buildSettings = {
				ASSETCATALOG_COMPILER_APPICON_NAME = AppIcon;
				ASSETCATALOG_COMPILER_GLOBAL_ACCENT_COLOR_NAME = AccentColor;
				CODE_SIGN_STYLE = Automatic;
				DEVELOPMENT_TEAM = C3U3K8MPRH;
				INFOPLIST_FILE = "Supporting Files/Info.plist";
				IPHONEOS_DEPLOYMENT_TARGET = 14.4;
				LD_RUNPATH_SEARCH_PATHS = (
					"$(inherited)",
					"@executable_path/Frameworks",
				);
				PRODUCT_BUNDLE_IDENTIFIER = "s21.Swifty-Proteins";
				PRODUCT_NAME = "$(TARGET_NAME)";
				SWIFT_VERSION = 5.0;
				TARGETED_DEVICE_FAMILY = "1,2";
			};
			name = Debug;
		};
		9635E5442778A205009E82D4 /* Release */ = {
			isa = XCBuildConfiguration;
			buildSettings = {
				ASSETCATALOG_COMPILER_APPICON_NAME = AppIcon;
				ASSETCATALOG_COMPILER_GLOBAL_ACCENT_COLOR_NAME = AccentColor;
				CODE_SIGN_STYLE = Automatic;
				DEVELOPMENT_TEAM = C3U3K8MPRH;
				INFOPLIST_FILE = "Supporting Files/Info.plist";
				IPHONEOS_DEPLOYMENT_TARGET = 14.4;
				LD_RUNPATH_SEARCH_PATHS = (
					"$(inherited)",
					"@executable_path/Frameworks",
				);
				PRODUCT_BUNDLE_IDENTIFIER = "s21.Swifty-Proteins";
				PRODUCT_NAME = "$(TARGET_NAME)";
				SWIFT_VERSION = 5.0;
				TARGETED_DEVICE_FAMILY = "1,2";
			};
			name = Release;
		};
/* End XCBuildConfiguration section */

/* Begin XCConfigurationList section */
		9635E5292778A202009E82D4 /* Build configuration list for PBXProject "Swifty Proteins" */ = {
			isa = XCConfigurationList;
			buildConfigurations = (
				9635E5402778A205009E82D4 /* Debug */,
				9635E5412778A205009E82D4 /* Release */,
			);
			defaultConfigurationIsVisible = 0;
			defaultConfigurationName = Release;
		};
		9635E5422778A205009E82D4 /* Build configuration list for PBXNativeTarget "Swifty Proteins" */ = {
			isa = XCConfigurationList;
			buildConfigurations = (
				9635E5432778A205009E82D4 /* Debug */,
				9635E5442778A205009E82D4 /* Release */,
			);
			defaultConfigurationIsVisible = 0;
			defaultConfigurationName = Release;
		};
/* End XCConfigurationList section */

/* Begin XCRemoteSwiftPackageReference section */
		96648C0A277A55F40000138D /* XCRemoteSwiftPackageReference "Alamofire" */ = {
			isa = XCRemoteSwiftPackageReference;
			repositoryURL = "https://github.com/Alamofire/Alamofire.git";
			requirement = {
				kind = exactVersion;
				version = 5.4.4;
			};
		};
/* End XCRemoteSwiftPackageReference section */

/* Begin XCSwiftPackageProductDependency section */
		96648C0B277A55F40000138D /* Alamofire */ = {
			isa = XCSwiftPackageProductDependency;
			package = 96648C0A277A55F40000138D /* XCRemoteSwiftPackageReference "Alamofire" */;
			productName = Alamofire;
		};
/* End XCSwiftPackageProductDependency section */
	};
	rootObject = 9635E5262778A202009E82D4 /* Project object */;
}
