// !$*UTF8*$!
{
	archiveVersion = 1;
	classes = {
	};
	objectVersion = 52;
	objects = {

/* Begin PBXBuildFile section */
		9635E5322778A202009E82D4 /* AppDelegate.swift in Sources */ = {isa = PBXBuildFile; fileRef = 9635E5312778A202009E82D4 /* AppDelegate.swift */; };
		9635E5342778A202009E82D4 /* SceneDelegate.swift in Sources */ = {isa = PBXBuildFile; fileRef = 9635E5332778A202009E82D4 /* SceneDelegate.swift */; };
		9635E53B2778A205009E82D4 /* Assets.xcassets in Resources */ = {isa = PBXBuildFile; fileRef = 9635E53A2778A205009E82D4 /* Assets.xcassets */; };
		9635E53E2778A205009E82D4 /* LaunchScreen.storyboard in Resources */ = {isa = PBXBuildFile; fileRef = 9635E53C2778A205009E82D4 /* LaunchScreen.storyboard */; };
		96ED95A92786F0E400AC4DDC /* Molecule.swift in Sources */ = {isa = PBXBuildFile; fileRef = 96ED95A82786F0E400AC4DDC /* Molecule.swift */; };
		96ED95AC2786F20D00AC4DDC /* Atom.swift in Sources */ = {isa = PBXBuildFile; fileRef = 96ED95AB2786F20D00AC4DDC /* Atom.swift */; };
		96ED95AF2786F2DA00AC4DDC /* ParserPDB.swift in Sources */ = {isa = PBXBuildFile; fileRef = 96ED95AE2786F2DA00AC4DDC /* ParserPDB.swift */; };
		96ED9F9527878B0600AC4DDC /* CPKColor.swift in Sources */ = {isa = PBXBuildFile; fileRef = 96ED9F9427878B0600AC4DDC /* CPKColor.swift */; };
		F6162BC02785099F00C31C46 /* AuthentificationContract.swift in Sources */ = {isa = PBXBuildFile; fileRef = F6162BB42785099F00C31C46 /* AuthentificationContract.swift */; };
		F6162BC12785099F00C31C46 /* AuthentificationAssembly.swift in Sources */ = {isa = PBXBuildFile; fileRef = F6162BB62785099F00C31C46 /* AuthentificationAssembly.swift */; };
		F6162BC22785099F00C31C46 /* AuthentificationPresenter.swift in Sources */ = {isa = PBXBuildFile; fileRef = F6162BB82785099F00C31C46 /* AuthentificationPresenter.swift */; };
		F6162BC42785099F00C31C46 /* AuthentificationViewController.swift in Sources */ = {isa = PBXBuildFile; fileRef = F6162BBB2785099F00C31C46 /* AuthentificationViewController.swift */; };
		F6162BC62785099F00C31C46 /* AuthentificationRouter.swift in Sources */ = {isa = PBXBuildFile; fileRef = F6162BBF2785099F00C31C46 /* AuthentificationRouter.swift */; };
		F61F3C2327886BD8009FA510 /* UIColor+Ext.swift in Sources */ = {isa = PBXBuildFile; fileRef = F61F3C2227886BD8009FA510 /* UIColor+Ext.swift */; };
		F61F3C2D2788875D009FA510 /* UICollectionView+Ext.swift in Sources */ = {isa = PBXBuildFile; fileRef = F61F3C2C2788875D009FA510 /* UICollectionView+Ext.swift */; };
		F61F3C312788966B009FA510 /* ProteinListHeader.swift in Sources */ = {isa = PBXBuildFile; fileRef = F61F3C302788966B009FA510 /* ProteinListHeader.swift */; };
		F61F3C38278897FB009FA510 /* ProteinListHeaderModel.swift in Sources */ = {isa = PBXBuildFile; fileRef = F61F3C37278897FB009FA510 /* ProteinListHeaderModel.swift */; };
		F61F3C5B2788C8A8009FA510 /* ScreenShotContract.swift in Sources */ = {isa = PBXBuildFile; fileRef = F61F3C492788C8A8009FA510 /* ScreenShotContract.swift */; };
		F61F3C5C2788C8A8009FA510 /* ScreenShotAssembly.swift in Sources */ = {isa = PBXBuildFile; fileRef = F61F3C4B2788C8A8009FA510 /* ScreenShotAssembly.swift */; };
		F61F3C5D2788C8A8009FA510 /* ScreenShotPresenter.swift in Sources */ = {isa = PBXBuildFile; fileRef = F61F3C4D2788C8A8009FA510 /* ScreenShotPresenter.swift */; };
		F61F3C622788C8A8009FA510 /* ScreenShotView.swift in Sources */ = {isa = PBXBuildFile; fileRef = F61F3C552788C8A8009FA510 /* ScreenShotView.swift */; };
		F61F3C632788C8A8009FA510 /* ScreenShotInteractor.swift in Sources */ = {isa = PBXBuildFile; fileRef = F61F3C572788C8A8009FA510 /* ScreenShotInteractor.swift */; };
		F61F3C642788C8A8009FA510 /* ScreenShotRouter.swift in Sources */ = {isa = PBXBuildFile; fileRef = F61F3C5A2788C8A8009FA510 /* ScreenShotRouter.swift */; };
		F61F3C6F2788C9F1009FA510 /* UITextView+Placeholder in Frameworks */ = {isa = PBXBuildFile; productRef = F61F3C6E2788C9F1009FA510 /* UITextView+Placeholder */; settings = {ATTRIBUTES = (Required, ); }; };
		F61F3C7C2788DA71009FA510 /* UIImage+Ext.swift in Sources */ = {isa = PBXBuildFile; fileRef = F61F3C7B2788DA71009FA510 /* UIImage+Ext.swift */; };
		F6BCD905278527A20045AE29 /* ProteinContract.swift in Sources */ = {isa = PBXBuildFile; fileRef = F6BCD8DF278527A20045AE29 /* ProteinContract.swift */; };
		F6BCD906278527A20045AE29 /* ProteinAssembly.swift in Sources */ = {isa = PBXBuildFile; fileRef = F6BCD8E1278527A20045AE29 /* ProteinAssembly.swift */; };
		F6BCD908278527A20045AE29 /* ProteinPresenter.swift in Sources */ = {isa = PBXBuildFile; fileRef = F6BCD8E4278527A20045AE29 /* ProteinPresenter.swift */; };
		F6BCD90C278527A20045AE29 /* ProteinView.swift in Sources */ = {isa = PBXBuildFile; fileRef = F6BCD8EB278527A20045AE29 /* ProteinView.swift */; };
		F6BCD90D278527A20045AE29 /* ProteinInteractor.swift in Sources */ = {isa = PBXBuildFile; fileRef = F6BCD8ED278527A20045AE29 /* ProteinInteractor.swift */; };
		F6BCD90E278527A20045AE29 /* ProteinRouter.swift in Sources */ = {isa = PBXBuildFile; fileRef = F6BCD8F0278527A20045AE29 /* ProteinRouter.swift */; };
		F6BCD90F278527A20045AE29 /* ProteinListContract.swift in Sources */ = {isa = PBXBuildFile; fileRef = F6BCD8F3278527A20045AE29 /* ProteinListContract.swift */; };
		F6BCD910278527A20045AE29 /* ProteinListAssembly.swift in Sources */ = {isa = PBXBuildFile; fileRef = F6BCD8F5278527A20045AE29 /* ProteinListAssembly.swift */; };
		F6BCD911278527A20045AE29 /* ProteinListPresenter.swift in Sources */ = {isa = PBXBuildFile; fileRef = F6BCD8F7278527A20045AE29 /* ProteinListPresenter.swift */; };
		F6BCD912278527A20045AE29 /* ProteinListDataSource.swift in Sources */ = {isa = PBXBuildFile; fileRef = F6BCD8F8278527A20045AE29 /* ProteinListDataSource.swift */; };
		F6BCD913278527A20045AE29 /* ProteinListSection.swift in Sources */ = {isa = PBXBuildFile; fileRef = F6BCD8FB278527A20045AE29 /* ProteinListSection.swift */; };
		F6BCD914278527A20045AE29 /* ProteinListCellModel.swift in Sources */ = {isa = PBXBuildFile; fileRef = F6BCD8FC278527A20045AE29 /* ProteinListCellModel.swift */; };
		F6BCD915278527A20045AE29 /* ProteinListCell.swift in Sources */ = {isa = PBXBuildFile; fileRef = F6BCD8FD278527A20045AE29 /* ProteinListCell.swift */; };
		F6BCD916278527A20045AE29 /* ProteinListView.swift in Sources */ = {isa = PBXBuildFile; fileRef = F6BCD8FF278527A20045AE29 /* ProteinListView.swift */; };
		F6BCD917278527A20045AE29 /* ProteinListInteractor.swift in Sources */ = {isa = PBXBuildFile; fileRef = F6BCD901278527A20045AE29 /* ProteinListInteractor.swift */; };
		F6BCD918278527A20045AE29 /* ProteinListRouter.swift in Sources */ = {isa = PBXBuildFile; fileRef = F6BCD904278527A20045AE29 /* ProteinListRouter.swift */; };
		F6BCD91C278527F90045AE29 /* SectionProtocol.swift in Sources */ = {isa = PBXBuildFile; fileRef = F6BCD91B278527F90045AE29 /* SectionProtocol.swift */; };
		F6BCD920278528230045AE29 /* ModelRepresentable.swift in Sources */ = {isa = PBXBuildFile; fileRef = F6BCD91F278528230045AE29 /* ModelRepresentable.swift */; };
		F6BCD925278529190045AE29 /* CellIdentifiable.swift in Sources */ = {isa = PBXBuildFile; fileRef = F6BCD924278529190045AE29 /* CellIdentifiable.swift */; };
		F6BCD927278530820045AE29 /* ligands.txt in Resources */ = {isa = PBXBuildFile; fileRef = F6BCD926278530820045AE29 /* ligands.txt */; };
		F6BCD92A278532AE0045AE29 /* UITableView+Ext.swift in Sources */ = {isa = PBXBuildFile; fileRef = F6BCD929278532AE0045AE29 /* UITableView+Ext.swift */; };
/* End PBXBuildFile section */

/* Begin PBXFileReference section */
		9635E52E2778A202009E82D4 /* Swifty Proteins.app */ = {isa = PBXFileReference; explicitFileType = wrapper.application; includeInIndex = 0; path = "Swifty Proteins.app"; sourceTree = BUILT_PRODUCTS_DIR; };
		9635E5312778A202009E82D4 /* AppDelegate.swift */ = {isa = PBXFileReference; lastKnownFileType = sourcecode.swift; path = AppDelegate.swift; sourceTree = "<group>"; };
		9635E5332778A202009E82D4 /* SceneDelegate.swift */ = {isa = PBXFileReference; lastKnownFileType = sourcecode.swift; path = SceneDelegate.swift; sourceTree = "<group>"; };
		9635E53A2778A205009E82D4 /* Assets.xcassets */ = {isa = PBXFileReference; lastKnownFileType = folder.assetcatalog; path = Assets.xcassets; sourceTree = "<group>"; };
		9635E53D2778A205009E82D4 /* Base */ = {isa = PBXFileReference; lastKnownFileType = file.storyboard; name = Base; path = Base.lproj/LaunchScreen.storyboard; sourceTree = "<group>"; };
		9635E53F2778A205009E82D4 /* Info.plist */ = {isa = PBXFileReference; lastKnownFileType = text.plist.xml; path = Info.plist; sourceTree = "<group>"; };
		96ED95A82786F0E400AC4DDC /* Molecule.swift */ = {isa = PBXFileReference; lastKnownFileType = sourcecode.swift; path = Molecule.swift; sourceTree = "<group>"; };
		96ED95AB2786F20D00AC4DDC /* Atom.swift */ = {isa = PBXFileReference; lastKnownFileType = sourcecode.swift; path = Atom.swift; sourceTree = "<group>"; };
		96ED95AE2786F2DA00AC4DDC /* ParserPDB.swift */ = {isa = PBXFileReference; lastKnownFileType = sourcecode.swift; path = ParserPDB.swift; sourceTree = "<group>"; };
		96ED9F9427878B0600AC4DDC /* CPKColor.swift */ = {isa = PBXFileReference; lastKnownFileType = sourcecode.swift; path = CPKColor.swift; sourceTree = "<group>"; };
		F6162BB42785099F00C31C46 /* AuthentificationContract.swift */ = {isa = PBXFileReference; fileEncoding = 4; lastKnownFileType = sourcecode.swift; path = AuthentificationContract.swift; sourceTree = "<group>"; };
		F6162BB62785099F00C31C46 /* AuthentificationAssembly.swift */ = {isa = PBXFileReference; fileEncoding = 4; lastKnownFileType = sourcecode.swift; path = AuthentificationAssembly.swift; sourceTree = "<group>"; };
		F6162BB82785099F00C31C46 /* AuthentificationPresenter.swift */ = {isa = PBXFileReference; fileEncoding = 4; lastKnownFileType = sourcecode.swift; path = AuthentificationPresenter.swift; sourceTree = "<group>"; };
		F6162BBB2785099F00C31C46 /* AuthentificationViewController.swift */ = {isa = PBXFileReference; fileEncoding = 4; lastKnownFileType = sourcecode.swift; path = AuthentificationViewController.swift; sourceTree = "<group>"; };
		F6162BBF2785099F00C31C46 /* AuthentificationRouter.swift */ = {isa = PBXFileReference; fileEncoding = 4; lastKnownFileType = sourcecode.swift; path = AuthentificationRouter.swift; sourceTree = "<group>"; };
		F61F3C2227886BD8009FA510 /* UIColor+Ext.swift */ = {isa = PBXFileReference; lastKnownFileType = sourcecode.swift; path = "UIColor+Ext.swift"; sourceTree = "<group>"; };
		F61F3C2C2788875D009FA510 /* UICollectionView+Ext.swift */ = {isa = PBXFileReference; lastKnownFileType = sourcecode.swift; path = "UICollectionView+Ext.swift"; sourceTree = "<group>"; };
		F61F3C302788966B009FA510 /* ProteinListHeader.swift */ = {isa = PBXFileReference; lastKnownFileType = sourcecode.swift; path = ProteinListHeader.swift; sourceTree = "<group>"; };
		F61F3C37278897FB009FA510 /* ProteinListHeaderModel.swift */ = {isa = PBXFileReference; lastKnownFileType = sourcecode.swift; path = ProteinListHeaderModel.swift; sourceTree = "<group>"; };
		F61F3C492788C8A8009FA510 /* ScreenShotContract.swift */ = {isa = PBXFileReference; fileEncoding = 4; lastKnownFileType = sourcecode.swift; path = ScreenShotContract.swift; sourceTree = "<group>"; };
		F61F3C4B2788C8A8009FA510 /* ScreenShotAssembly.swift */ = {isa = PBXFileReference; fileEncoding = 4; lastKnownFileType = sourcecode.swift; path = ScreenShotAssembly.swift; sourceTree = "<group>"; };
		F61F3C4D2788C8A8009FA510 /* ScreenShotPresenter.swift */ = {isa = PBXFileReference; fileEncoding = 4; lastKnownFileType = sourcecode.swift; path = ScreenShotPresenter.swift; sourceTree = "<group>"; };
		F61F3C552788C8A8009FA510 /* ScreenShotView.swift */ = {isa = PBXFileReference; fileEncoding = 4; lastKnownFileType = sourcecode.swift; path = ScreenShotView.swift; sourceTree = "<group>"; };
		F61F3C572788C8A8009FA510 /* ScreenShotInteractor.swift */ = {isa = PBXFileReference; fileEncoding = 4; lastKnownFileType = sourcecode.swift; path = ScreenShotInteractor.swift; sourceTree = "<group>"; };
		F61F3C5A2788C8A8009FA510 /* ScreenShotRouter.swift */ = {isa = PBXFileReference; fileEncoding = 4; lastKnownFileType = sourcecode.swift; path = ScreenShotRouter.swift; sourceTree = "<group>"; };
		F61F3C772788D111009FA510 /* Swifty-Bridging-Header.h */ = {isa = PBXFileReference; lastKnownFileType = sourcecode.c.h; path = "Swifty-Bridging-Header.h"; sourceTree = "<group>"; };
		F61F3C7B2788DA71009FA510 /* UIImage+Ext.swift */ = {isa = PBXFileReference; lastKnownFileType = sourcecode.swift; path = "UIImage+Ext.swift"; sourceTree = "<group>"; };
		F6BCD8DF278527A20045AE29 /* ProteinContract.swift */ = {isa = PBXFileReference; fileEncoding = 4; lastKnownFileType = sourcecode.swift; path = ProteinContract.swift; sourceTree = "<group>"; };
		F6BCD8E1278527A20045AE29 /* ProteinAssembly.swift */ = {isa = PBXFileReference; fileEncoding = 4; lastKnownFileType = sourcecode.swift; path = ProteinAssembly.swift; sourceTree = "<group>"; };
		F6BCD8E4278527A20045AE29 /* ProteinPresenter.swift */ = {isa = PBXFileReference; fileEncoding = 4; lastKnownFileType = sourcecode.swift; path = ProteinPresenter.swift; sourceTree = "<group>"; };
		F6BCD8EB278527A20045AE29 /* ProteinView.swift */ = {isa = PBXFileReference; fileEncoding = 4; lastKnownFileType = sourcecode.swift; path = ProteinView.swift; sourceTree = "<group>"; };
		F6BCD8ED278527A20045AE29 /* ProteinInteractor.swift */ = {isa = PBXFileReference; fileEncoding = 4; lastKnownFileType = sourcecode.swift; path = ProteinInteractor.swift; sourceTree = "<group>"; };
		F6BCD8F0278527A20045AE29 /* ProteinRouter.swift */ = {isa = PBXFileReference; fileEncoding = 4; lastKnownFileType = sourcecode.swift; path = ProteinRouter.swift; sourceTree = "<group>"; };
		F6BCD8F3278527A20045AE29 /* ProteinListContract.swift */ = {isa = PBXFileReference; fileEncoding = 4; lastKnownFileType = sourcecode.swift; path = ProteinListContract.swift; sourceTree = "<group>"; };
		F6BCD8F5278527A20045AE29 /* ProteinListAssembly.swift */ = {isa = PBXFileReference; fileEncoding = 4; lastKnownFileType = sourcecode.swift; path = ProteinListAssembly.swift; sourceTree = "<group>"; };
		F6BCD8F7278527A20045AE29 /* ProteinListPresenter.swift */ = {isa = PBXFileReference; fileEncoding = 4; lastKnownFileType = sourcecode.swift; path = ProteinListPresenter.swift; sourceTree = "<group>"; };
		F6BCD8F8278527A20045AE29 /* ProteinListDataSource.swift */ = {isa = PBXFileReference; fileEncoding = 4; lastKnownFileType = sourcecode.swift; path = ProteinListDataSource.swift; sourceTree = "<group>"; };
		F6BCD8FB278527A20045AE29 /* ProteinListSection.swift */ = {isa = PBXFileReference; fileEncoding = 4; lastKnownFileType = sourcecode.swift; path = ProteinListSection.swift; sourceTree = "<group>"; };
		F6BCD8FC278527A20045AE29 /* ProteinListCellModel.swift */ = {isa = PBXFileReference; fileEncoding = 4; lastKnownFileType = sourcecode.swift; path = ProteinListCellModel.swift; sourceTree = "<group>"; };
		F6BCD8FD278527A20045AE29 /* ProteinListCell.swift */ = {isa = PBXFileReference; fileEncoding = 4; lastKnownFileType = sourcecode.swift; path = ProteinListCell.swift; sourceTree = "<group>"; };
		F6BCD8FF278527A20045AE29 /* ProteinListView.swift */ = {isa = PBXFileReference; fileEncoding = 4; lastKnownFileType = sourcecode.swift; path = ProteinListView.swift; sourceTree = "<group>"; };
		F6BCD901278527A20045AE29 /* ProteinListInteractor.swift */ = {isa = PBXFileReference; fileEncoding = 4; lastKnownFileType = sourcecode.swift; path = ProteinListInteractor.swift; sourceTree = "<group>"; };
		F6BCD904278527A20045AE29 /* ProteinListRouter.swift */ = {isa = PBXFileReference; fileEncoding = 4; lastKnownFileType = sourcecode.swift; path = ProteinListRouter.swift; sourceTree = "<group>"; };
		F6BCD91B278527F90045AE29 /* SectionProtocol.swift */ = {isa = PBXFileReference; lastKnownFileType = sourcecode.swift; path = SectionProtocol.swift; sourceTree = "<group>"; };
		F6BCD91F278528230045AE29 /* ModelRepresentable.swift */ = {isa = PBXFileReference; lastKnownFileType = sourcecode.swift; path = ModelRepresentable.swift; sourceTree = "<group>"; };
		F6BCD924278529190045AE29 /* CellIdentifiable.swift */ = {isa = PBXFileReference; lastKnownFileType = sourcecode.swift; path = CellIdentifiable.swift; sourceTree = "<group>"; };
		F6BCD926278530820045AE29 /* ligands.txt */ = {isa = PBXFileReference; fileEncoding = 4; lastKnownFileType = text; name = ligands.txt; path = "Supporting Files/ligands.txt"; sourceTree = SOURCE_ROOT; };
		F6BCD929278532AE0045AE29 /* UITableView+Ext.swift */ = {isa = PBXFileReference; fileEncoding = 4; lastKnownFileType = sourcecode.swift; path = "UITableView+Ext.swift"; sourceTree = "<group>"; };
/* End PBXFileReference section */

/* Begin PBXFrameworksBuildPhase section */
		9635E52B2778A202009E82D4 /* Frameworks */ = {
			isa = PBXFrameworksBuildPhase;
			buildActionMask = 2147483647;
			files = (
				F61F3C6F2788C9F1009FA510 /* UITextView+Placeholder in Frameworks */,
			);
			runOnlyForDeploymentPostprocessing = 0;
		};
/* End PBXFrameworksBuildPhase section */

/* Begin PBXGroup section */
		9635E5252778A202009E82D4 = {
			isa = PBXGroup;
			children = (
				F61F3C772788D111009FA510 /* Swifty-Bridging-Header.h */,
				9635E5302778A202009E82D4 /* Swifty Proteins */,
				96E59FB127791D1D0094AD4C /* Supporting Files */,
				9635E52F2778A202009E82D4 /* Products */,
			);
			sourceTree = "<group>";
		};
		9635E52F2778A202009E82D4 /* Products */ = {
			isa = PBXGroup;
			children = (
				9635E52E2778A202009E82D4 /* Swifty Proteins.app */,
			);
			name = Products;
			sourceTree = "<group>";
		};
		9635E5302778A202009E82D4 /* Swifty Proteins */ = {
			isa = PBXGroup;
			children = (
				F6BCD928278532930045AE29 /* Extentions */,
				F6BCD919278527C30045AE29 /* Components */,
				F6162BB12785097200C31C46 /* Modules */,
			);
			path = "Swifty Proteins";
			sourceTree = "<group>";
		};
		96E59FB127791D1D0094AD4C /* Supporting Files */ = {
			isa = PBXGroup;
			children = (
				9635E5312778A202009E82D4 /* AppDelegate.swift */,
				9635E5332778A202009E82D4 /* SceneDelegate.swift */,
				96E59FB227791D270094AD4C /* Assets.xcassets */,
				96E59FB327791D320094AD4C /* Base.lproj */,
				9635E53F2778A205009E82D4 /* Info.plist */,
			);
			path = "Supporting Files";
			sourceTree = "<group>";
		};
		96E59FB227791D270094AD4C /* Assets.xcassets */ = {
			isa = PBXGroup;
			children = (
				9635E53A2778A205009E82D4 /* Assets.xcassets */,
				F6BCD926278530820045AE29 /* ligands.txt */,
			);
			path = Assets.xcassets;
			sourceTree = "<group>";
		};
		96E59FB327791D320094AD4C /* Base.lproj */ = {
			isa = PBXGroup;
			children = (
				9635E53C2778A205009E82D4 /* LaunchScreen.storyboard */,
			);
			path = Base.lproj;
			sourceTree = "<group>";
		};
		96ED95A72786F0BF00AC4DDC /* Entities */ = {
			isa = PBXGroup;
			children = (
				96ED95A82786F0E400AC4DDC /* Molecule.swift */,
				96ED95AB2786F20D00AC4DDC /* Atom.swift */,
			);
			path = Entities;
			sourceTree = "<group>";
		};
		96ED95AD2786F2C600AC4DDC /* Services */ = {
			isa = PBXGroup;
			children = (
				96ED95AE2786F2DA00AC4DDC /* ParserPDB.swift */,
				96ED9F9427878B0600AC4DDC /* CPKColor.swift */,
			);
			path = Services;
			sourceTree = "<group>";
		};
		F6162BB12785097200C31C46 /* Modules */ = {
			isa = PBXGroup;
			children = (
				F61F3C472788C8A8009FA510 /* ScreenShot */,
				F6BCD8DD278527A20045AE29 /* Protein */,
				F6BCD8F1278527A20045AE29 /* ProteinList */,
				F6162BB22785099F00C31C46 /* Authentification */,
			);
			path = Modules;
			sourceTree = "<group>";
		};
		F6162BB22785099F00C31C46 /* Authentification */ = {
			isa = PBXGroup;
			children = (
				F6162BB32785099F00C31C46 /* Contract */,
				F6162BB52785099F00C31C46 /* Assembly */,
				F6162BB72785099F00C31C46 /* Presenter */,
				F6162BBA2785099F00C31C46 /* View */,
				F6162BBE2785099F00C31C46 /* Router */,
			);
			path = Authentification;
			sourceTree = "<group>";
		};
		F6162BB32785099F00C31C46 /* Contract */ = {
			isa = PBXGroup;
			children = (
				F6162BB42785099F00C31C46 /* AuthentificationContract.swift */,
			);
			path = Contract;
			sourceTree = "<group>";
		};
		F6162BB52785099F00C31C46 /* Assembly */ = {
			isa = PBXGroup;
			children = (
				F6162BB62785099F00C31C46 /* AuthentificationAssembly.swift */,
			);
			path = Assembly;
			sourceTree = "<group>";
		};
		F6162BB72785099F00C31C46 /* Presenter */ = {
			isa = PBXGroup;
			children = (
				F6162BB82785099F00C31C46 /* AuthentificationPresenter.swift */,
			);
			path = Presenter;
			sourceTree = "<group>";
		};
		F6162BBA2785099F00C31C46 /* View */ = {
			isa = PBXGroup;
			children = (
				F6162BBB2785099F00C31C46 /* AuthentificationViewController.swift */,
			);
			path = View;
			sourceTree = "<group>";
		};
		F6162BBE2785099F00C31C46 /* Router */ = {
			isa = PBXGroup;
			children = (
				F6162BBF2785099F00C31C46 /* AuthentificationRouter.swift */,
			);
			path = Router;
			sourceTree = "<group>";
		};
		F61F3C33278897E5009FA510 /* ProteinListCell */ = {
			isa = PBXGroup;
			children = (
				F6BCD8FB278527A20045AE29 /* ProteinListSection.swift */,
				F6BCD8FC278527A20045AE29 /* ProteinListCellModel.swift */,
				F6BCD8FD278527A20045AE29 /* ProteinListCell.swift */,
			);
			path = ProteinListCell;
			sourceTree = "<group>";
		};
		F61F3C35278897F1009FA510 /* ProteinListHeader */ = {
			isa = PBXGroup;
			children = (
				F61F3C302788966B009FA510 /* ProteinListHeader.swift */,
				F61F3C37278897FB009FA510 /* ProteinListHeaderModel.swift */,
			);
			path = ProteinListHeader;
			sourceTree = "<group>";
		};
		F61F3C472788C8A8009FA510 /* ScreenShot */ = {
			isa = PBXGroup;
			children = (
				F61F3C482788C8A8009FA510 /* Contract */,
				F61F3C4A2788C8A8009FA510 /* Assembly */,
				F61F3C4C2788C8A8009FA510 /* Presenter */,
				F61F3C542788C8A8009FA510 /* View */,
				F61F3C562788C8A8009FA510 /* Interactor */,
				F61F3C582788C8A8009FA510 /* Entities */,
				F61F3C592788C8A8009FA510 /* Router */,
			);
			path = ScreenShot;
			sourceTree = "<group>";
		};
		F61F3C482788C8A8009FA510 /* Contract */ = {
			isa = PBXGroup;
			children = (
				F61F3C492788C8A8009FA510 /* ScreenShotContract.swift */,
			);
			path = Contract;
			sourceTree = "<group>";
		};
		F61F3C4A2788C8A8009FA510 /* Assembly */ = {
			isa = PBXGroup;
			children = (
				F61F3C4B2788C8A8009FA510 /* ScreenShotAssembly.swift */,
			);
			path = Assembly;
			sourceTree = "<group>";
		};
		F61F3C4C2788C8A8009FA510 /* Presenter */ = {
			isa = PBXGroup;
			children = (
				F61F3C4D2788C8A8009FA510 /* ScreenShotPresenter.swift */,
			);
			path = Presenter;
			sourceTree = "<group>";
		};
		F61F3C542788C8A8009FA510 /* View */ = {
			isa = PBXGroup;
			children = (
				F61F3C552788C8A8009FA510 /* ScreenShotView.swift */,
			);
			path = View;
			sourceTree = "<group>";
		};
		F61F3C562788C8A8009FA510 /* Interactor */ = {
			isa = PBXGroup;
			children = (
				F61F3C572788C8A8009FA510 /* ScreenShotInteractor.swift */,
			);
			path = Interactor;
			sourceTree = "<group>";
		};
		F61F3C582788C8A8009FA510 /* Entities */ = {
			isa = PBXGroup;
			children = (
			);
			path = Entities;
			sourceTree = "<group>";
		};
		F61F3C592788C8A8009FA510 /* Router */ = {
			isa = PBXGroup;
			children = (
				F61F3C5A2788C8A8009FA510 /* ScreenShotRouter.swift */,
			);
			path = Router;
			sourceTree = "<group>";
		};
		F6BCD8DD278527A20045AE29 /* Protein */ = {
			isa = PBXGroup;
			children = (
				F6BCD8DE278527A20045AE29 /* Contract */,
				F6BCD8E0278527A20045AE29 /* Assembly */,
				F6BCD8E2278527A20045AE29 /* Presenter */,
				F6BCD8EA278527A20045AE29 /* View */,
				F6BCD8EC278527A20045AE29 /* Interactor */,
				96ED95A72786F0BF00AC4DDC /* Entities */,
				F6BCD8EF278527A20045AE29 /* Router */,
				96ED95AD2786F2C600AC4DDC /* Services */,
			);
			path = Protein;
			sourceTree = "<group>";
		};
		F6BCD8DE278527A20045AE29 /* Contract */ = {
			isa = PBXGroup;
			children = (
				F6BCD8DF278527A20045AE29 /* ProteinContract.swift */,
			);
			path = Contract;
			sourceTree = "<group>";
		};
		F6BCD8E0278527A20045AE29 /* Assembly */ = {
			isa = PBXGroup;
			children = (
				F6BCD8E1278527A20045AE29 /* ProteinAssembly.swift */,
			);
			path = Assembly;
			sourceTree = "<group>";
		};
		F6BCD8E2278527A20045AE29 /* Presenter */ = {
			isa = PBXGroup;
			children = (
				F6BCD8E4278527A20045AE29 /* ProteinPresenter.swift */,
			);
			path = Presenter;
			sourceTree = "<group>";
		};
		F6BCD8EA278527A20045AE29 /* View */ = {
			isa = PBXGroup;
			children = (
				F6BCD8EB278527A20045AE29 /* ProteinView.swift */,
			);
			path = View;
			sourceTree = "<group>";
		};
		F6BCD8EC278527A20045AE29 /* Interactor */ = {
			isa = PBXGroup;
			children = (
				F6BCD8ED278527A20045AE29 /* ProteinInteractor.swift */,
			);
			path = Interactor;
			sourceTree = "<group>";
		};
		F6BCD8EF278527A20045AE29 /* Router */ = {
			isa = PBXGroup;
			children = (
				F6BCD8F0278527A20045AE29 /* ProteinRouter.swift */,
			);
			path = Router;
			sourceTree = "<group>";
		};
		F6BCD8F1278527A20045AE29 /* ProteinList */ = {
			isa = PBXGroup;
			children = (
				F6BCD8F2278527A20045AE29 /* Contract */,
				F6BCD8F4278527A20045AE29 /* Assembly */,
				F6BCD8F6278527A20045AE29 /* Presenter */,
				F6BCD8F9278527A20045AE29 /* Components */,
				F6BCD8FE278527A20045AE29 /* View */,
				F6BCD900278527A20045AE29 /* Interactor */,
				F6BCD903278527A20045AE29 /* Router */,
			);
			path = ProteinList;
			sourceTree = "<group>";
		};
		F6BCD8F2278527A20045AE29 /* Contract */ = {
			isa = PBXGroup;
			children = (
				F6BCD8F3278527A20045AE29 /* ProteinListContract.swift */,
			);
			path = Contract;
			sourceTree = "<group>";
		};
		F6BCD8F4278527A20045AE29 /* Assembly */ = {
			isa = PBXGroup;
			children = (
				F6BCD8F5278527A20045AE29 /* ProteinListAssembly.swift */,
			);
			path = Assembly;
			sourceTree = "<group>";
		};
		F6BCD8F6278527A20045AE29 /* Presenter */ = {
			isa = PBXGroup;
			children = (
				F6BCD8F7278527A20045AE29 /* ProteinListPresenter.swift */,
				F6BCD8F8278527A20045AE29 /* ProteinListDataSource.swift */,
			);
			path = Presenter;
			sourceTree = "<group>";
		};
		F6BCD8F9278527A20045AE29 /* Components */ = {
			isa = PBXGroup;
			children = (
				F6BCD8FA278527A20045AE29 /* UICollectionViewComponents */,
			);
			path = Components;
			sourceTree = "<group>";
		};
		F6BCD8FA278527A20045AE29 /* UICollectionViewComponents */ = {
			isa = PBXGroup;
			children = (
				F61F3C33278897E5009FA510 /* ProteinListCell */,
				F61F3C35278897F1009FA510 /* ProteinListHeader */,
			);
			path = UICollectionViewComponents;
			sourceTree = "<group>";
		};
		F6BCD8FE278527A20045AE29 /* View */ = {
			isa = PBXGroup;
			children = (
				F6BCD8FF278527A20045AE29 /* ProteinListView.swift */,
			);
			path = View;
			sourceTree = "<group>";
		};
		F6BCD900278527A20045AE29 /* Interactor */ = {
			isa = PBXGroup;
			children = (
				F6BCD901278527A20045AE29 /* ProteinListInteractor.swift */,
			);
			path = Interactor;
			sourceTree = "<group>";
		};
		F6BCD903278527A20045AE29 /* Router */ = {
			isa = PBXGroup;
			children = (
				F6BCD904278527A20045AE29 /* ProteinListRouter.swift */,
			);
			path = Router;
			sourceTree = "<group>";
		};
		F6BCD919278527C30045AE29 /* Components */ = {
			isa = PBXGroup;
			children = (
				F6BCD924278529190045AE29 /* CellIdentifiable.swift */,
				F6BCD91F278528230045AE29 /* ModelRepresentable.swift */,
				F6BCD91B278527F90045AE29 /* SectionProtocol.swift */,
			);
			path = Components;
			sourceTree = "<group>";
		};
		F6BCD928278532930045AE29 /* Extentions */ = {
			isa = PBXGroup;
			children = (
				F6BCD929278532AE0045AE29 /* UITableView+Ext.swift */,
				F61F3C2227886BD8009FA510 /* UIColor+Ext.swift */,
				F61F3C2C2788875D009FA510 /* UICollectionView+Ext.swift */,
				F61F3C7B2788DA71009FA510 /* UIImage+Ext.swift */,
			);
			path = Extentions;
			sourceTree = "<group>";
		};
/* End PBXGroup section */

/* Begin PBXNativeTarget section */
		9635E52D2778A202009E82D4 /* Swifty Proteins */ = {
			isa = PBXNativeTarget;
			buildConfigurationList = 9635E5422778A205009E82D4 /* Build configuration list for PBXNativeTarget "Swifty Proteins" */;
			buildPhases = (
				9635E52A2778A202009E82D4 /* Sources */,
				9635E52B2778A202009E82D4 /* Frameworks */,
				9635E52C2778A202009E82D4 /* Resources */,
			);
			buildRules = (
			);
			dependencies = (
			);
			name = "Swifty Proteins";
			packageProductDependencies = (
				F61F3C6E2788C9F1009FA510 /* UITextView+Placeholder */,
			);
			productName = "Swifty Proteins";
			productReference = 9635E52E2778A202009E82D4 /* Swifty Proteins.app */;
			productType = "com.apple.product-type.application";
		};
/* End PBXNativeTarget section */

/* Begin PBXProject section */
		9635E5262778A202009E82D4 /* Project object */ = {
			isa = PBXProject;
			attributes = {
				LastSwiftUpdateCheck = 1250;
				LastUpgradeCheck = 1250;
				TargetAttributes = {
					9635E52D2778A202009E82D4 = {
						CreatedOnToolsVersion = 12.5.1;
					};
				};
			};
			buildConfigurationList = 9635E5292778A202009E82D4 /* Build configuration list for PBXProject "Swifty Proteins" */;
			compatibilityVersion = "Xcode 9.3";
			developmentRegion = en;
			hasScannedForEncodings = 0;
			knownRegions = (
				en,
				Base,
			);
			mainGroup = 9635E5252778A202009E82D4;
			packageReferences = (
				F61F3C6D2788C9F1009FA510 /* XCRemoteSwiftPackageReference "UITextView-Placeholder" */,
			);
			productRefGroup = 9635E52F2778A202009E82D4 /* Products */;
			projectDirPath = "";
			projectRoot = "";
			targets = (
				9635E52D2778A202009E82D4 /* Swifty Proteins */,
			);
		};
/* End PBXProject section */

/* Begin PBXResourcesBuildPhase section */
		9635E52C2778A202009E82D4 /* Resources */ = {
			isa = PBXResourcesBuildPhase;
			buildActionMask = 2147483647;
			files = (
				9635E53E2778A205009E82D4 /* LaunchScreen.storyboard in Resources */,
				F6BCD927278530820045AE29 /* ligands.txt in Resources */,
				9635E53B2778A205009E82D4 /* Assets.xcassets in Resources */,
			);
			runOnlyForDeploymentPostprocessing = 0;
		};
/* End PBXResourcesBuildPhase section */

/* Begin PBXSourcesBuildPhase section */
		9635E52A2778A202009E82D4 /* Sources */ = {
			isa = PBXSourcesBuildPhase;
			buildActionMask = 2147483647;
			files = (
				F61F3C5B2788C8A8009FA510 /* ScreenShotContract.swift in Sources */,
				F6BCD916278527A20045AE29 /* ProteinListView.swift in Sources */,
				F61F3C632788C8A8009FA510 /* ScreenShotInteractor.swift in Sources */,
				F6BCD912278527A20045AE29 /* ProteinListDataSource.swift in Sources */,
				F61F3C38278897FB009FA510 /* ProteinListHeaderModel.swift in Sources */,
				F6BCD920278528230045AE29 /* ModelRepresentable.swift in Sources */,
				F6162BC22785099F00C31C46 /* AuthentificationPresenter.swift in Sources */,
				F6BCD90F278527A20045AE29 /* ProteinListContract.swift in Sources */,
				9635E5322778A202009E82D4 /* AppDelegate.swift in Sources */,
				F61F3C622788C8A8009FA510 /* ScreenShotView.swift in Sources */,
				F6162BC12785099F00C31C46 /* AuthentificationAssembly.swift in Sources */,
				F61F3C2327886BD8009FA510 /* UIColor+Ext.swift in Sources */,
				F61F3C5D2788C8A8009FA510 /* ScreenShotPresenter.swift in Sources */,
				F6BCD90E278527A20045AE29 /* ProteinRouter.swift in Sources */,
				F6BCD913278527A20045AE29 /* ProteinListSection.swift in Sources */,
				F6BCD90C278527A20045AE29 /* ProteinView.swift in Sources */,
				96ED95AF2786F2DA00AC4DDC /* ParserPDB.swift in Sources */,
				F61F3C312788966B009FA510 /* ProteinListHeader.swift in Sources */,
				F6BCD917278527A20045AE29 /* ProteinListInteractor.swift in Sources */,
				96ED9F9527878B0600AC4DDC /* CPKColor.swift in Sources */,
				F6BCD92A278532AE0045AE29 /* UITableView+Ext.swift in Sources */,
				F61F3C7C2788DA71009FA510 /* UIImage+Ext.swift in Sources */,
				F6BCD91C278527F90045AE29 /* SectionProtocol.swift in Sources */,
				F6162BC02785099F00C31C46 /* AuthentificationContract.swift in Sources */,
				F6BCD910278527A20045AE29 /* ProteinListAssembly.swift in Sources */,
				96ED95AC2786F20D00AC4DDC /* Atom.swift in Sources */,
				F6162BC42785099F00C31C46 /* AuthentificationViewController.swift in Sources */,
				F6BCD918278527A20045AE29 /* ProteinListRouter.swift in Sources */,
				F61F3C5C2788C8A8009FA510 /* ScreenShotAssembly.swift in Sources */,
				F6BCD911278527A20045AE29 /* ProteinListPresenter.swift in Sources */,
				F6BCD915278527A20045AE29 /* ProteinListCell.swift in Sources */,
				F6BCD906278527A20045AE29 /* ProteinAssembly.swift in Sources */,
				9635E5342778A202009E82D4 /* SceneDelegate.swift in Sources */,
				F61F3C642788C8A8009FA510 /* ScreenShotRouter.swift in Sources */,
				F6162BC62785099F00C31C46 /* AuthentificationRouter.swift in Sources */,
				F6BCD908278527A20045AE29 /* ProteinPresenter.swift in Sources */,
				F6BCD925278529190045AE29 /* CellIdentifiable.swift in Sources */,
				F6BCD905278527A20045AE29 /* ProteinContract.swift in Sources */,
				F6BCD90D278527A20045AE29 /* ProteinInteractor.swift in Sources */,
				F6BCD914278527A20045AE29 /* ProteinListCellModel.swift in Sources */,
				F61F3C2D2788875D009FA510 /* UICollectionView+Ext.swift in Sources */,
				96ED95A92786F0E400AC4DDC /* Molecule.swift in Sources */,
			);
			runOnlyForDeploymentPostprocessing = 0;
		};
/* End PBXSourcesBuildPhase section */

/* Begin PBXVariantGroup section */
		9635E53C2778A205009E82D4 /* LaunchScreen.storyboard */ = {
			isa = PBXVariantGroup;
			children = (
				9635E53D2778A205009E82D4 /* Base */,
			);
			name = LaunchScreen.storyboard;
			sourceTree = "<group>";
		};
/* End PBXVariantGroup section */

/* Begin XCBuildConfiguration section */
		9635E5402778A205009E82D4 /* Debug */ = {
			isa = XCBuildConfiguration;
			buildSettings = {
				ALWAYS_SEARCH_USER_PATHS = NO;
				CLANG_ANALYZER_NONNULL = YES;
				CLANG_ANALYZER_NUMBER_OBJECT_CONVERSION = YES_AGGRESSIVE;
				CLANG_CXX_LANGUAGE_STANDARD = "gnu++14";
				CLANG_CXX_LIBRARY = "libc++";
				CLANG_ENABLE_MODULES = YES;
				CLANG_ENABLE_OBJC_ARC = YES;
				CLANG_ENABLE_OBJC_WEAK = YES;
				CLANG_WARN_BLOCK_CAPTURE_AUTORELEASING = YES;
				CLANG_WARN_BOOL_CONVERSION = YES;
				CLANG_WARN_COMMA = YES;
				CLANG_WARN_CONSTANT_CONVERSION = YES;
				CLANG_WARN_DEPRECATED_OBJC_IMPLEMENTATIONS = YES;
				CLANG_WARN_DIRECT_OBJC_ISA_USAGE = YES_ERROR;
				CLANG_WARN_DOCUMENTATION_COMMENTS = YES;
				CLANG_WARN_EMPTY_BODY = YES;
				CLANG_WARN_ENUM_CONVERSION = YES;
				CLANG_WARN_INFINITE_RECURSION = YES;
				CLANG_WARN_INT_CONVERSION = YES;
				CLANG_WARN_NON_LITERAL_NULL_CONVERSION = YES;
				CLANG_WARN_OBJC_IMPLICIT_RETAIN_SELF = YES;
				CLANG_WARN_OBJC_LITERAL_CONVERSION = YES;
				CLANG_WARN_OBJC_ROOT_CLASS = YES_ERROR;
				CLANG_WARN_QUOTED_INCLUDE_IN_FRAMEWORK_HEADER = YES;
				CLANG_WARN_RANGE_LOOP_ANALYSIS = YES;
				CLANG_WARN_STRICT_PROTOTYPES = YES;
				CLANG_WARN_SUSPICIOUS_MOVE = YES;
				CLANG_WARN_UNGUARDED_AVAILABILITY = YES_AGGRESSIVE;
				CLANG_WARN_UNREACHABLE_CODE = YES;
				CLANG_WARN__DUPLICATE_METHOD_MATCH = YES;
				COPY_PHASE_STRIP = NO;
				DEBUG_INFORMATION_FORMAT = dwarf;
				ENABLE_STRICT_OBJC_MSGSEND = YES;
				ENABLE_TESTABILITY = YES;
				GCC_C_LANGUAGE_STANDARD = gnu11;
				GCC_DYNAMIC_NO_PIC = NO;
				GCC_NO_COMMON_BLOCKS = YES;
				GCC_OPTIMIZATION_LEVEL = 0;
				GCC_PREPROCESSOR_DEFINITIONS = (
					"DEBUG=1",
					"$(inherited)",
				);
				GCC_WARN_64_TO_32_BIT_CONVERSION = YES;
				GCC_WARN_ABOUT_RETURN_TYPE = YES_ERROR;
				GCC_WARN_UNDECLARED_SELECTOR = YES;
				GCC_WARN_UNINITIALIZED_AUTOS = YES_AGGRESSIVE;
				GCC_WARN_UNUSED_FUNCTION = YES;
				GCC_WARN_UNUSED_VARIABLE = YES;
				IPHONEOS_DEPLOYMENT_TARGET = 14.5;
				MTL_ENABLE_DEBUG_INFO = INCLUDE_SOURCE;
				MTL_FAST_MATH = YES;
				ONLY_ACTIVE_ARCH = YES;
				SDKROOT = iphoneos;
				SWIFT_ACTIVE_COMPILATION_CONDITIONS = DEBUG;
				SWIFT_OPTIMIZATION_LEVEL = "-Onone";
			};
			name = Debug;
		};
		9635E5412778A205009E82D4 /* Release */ = {
			isa = XCBuildConfiguration;
			buildSettings = {
				ALWAYS_SEARCH_USER_PATHS = NO;
				CLANG_ANALYZER_NONNULL = YES;
				CLANG_ANALYZER_NUMBER_OBJECT_CONVERSION = YES_AGGRESSIVE;
				CLANG_CXX_LANGUAGE_STANDARD = "gnu++14";
				CLANG_CXX_LIBRARY = "libc++";
				CLANG_ENABLE_MODULES = YES;
				CLANG_ENABLE_OBJC_ARC = YES;
				CLANG_ENABLE_OBJC_WEAK = YES;
				CLANG_WARN_BLOCK_CAPTURE_AUTORELEASING = YES;
				CLANG_WARN_BOOL_CONVERSION = YES;
				CLANG_WARN_COMMA = YES;
				CLANG_WARN_CONSTANT_CONVERSION = YES;
				CLANG_WARN_DEPRECATED_OBJC_IMPLEMENTATIONS = YES;
				CLANG_WARN_DIRECT_OBJC_ISA_USAGE = YES_ERROR;
				CLANG_WARN_DOCUMENTATION_COMMENTS = YES;
				CLANG_WARN_EMPTY_BODY = YES;
				CLANG_WARN_ENUM_CONVERSION = YES;
				CLANG_WARN_INFINITE_RECURSION = YES;
				CLANG_WARN_INT_CONVERSION = YES;
				CLANG_WARN_NON_LITERAL_NULL_CONVERSION = YES;
				CLANG_WARN_OBJC_IMPLICIT_RETAIN_SELF = YES;
				CLANG_WARN_OBJC_LITERAL_CONVERSION = YES;
				CLANG_WARN_OBJC_ROOT_CLASS = YES_ERROR;
				CLANG_WARN_QUOTED_INCLUDE_IN_FRAMEWORK_HEADER = YES;
				CLANG_WARN_RANGE_LOOP_ANALYSIS = YES;
				CLANG_WARN_STRICT_PROTOTYPES = YES;
				CLANG_WARN_SUSPICIOUS_MOVE = YES;
				CLANG_WARN_UNGUARDED_AVAILABILITY = YES_AGGRESSIVE;
				CLANG_WARN_UNREACHABLE_CODE = YES;
				CLANG_WARN__DUPLICATE_METHOD_MATCH = YES;
				COPY_PHASE_STRIP = NO;
				DEBUG_INFORMATION_FORMAT = "dwarf-with-dsym";
				ENABLE_NS_ASSERTIONS = NO;
				ENABLE_STRICT_OBJC_MSGSEND = YES;
				GCC_C_LANGUAGE_STANDARD = gnu11;
				GCC_NO_COMMON_BLOCKS = YES;
				GCC_WARN_64_TO_32_BIT_CONVERSION = YES;
				GCC_WARN_ABOUT_RETURN_TYPE = YES_ERROR;
				GCC_WARN_UNDECLARED_SELECTOR = YES;
				GCC_WARN_UNINITIALIZED_AUTOS = YES_AGGRESSIVE;
				GCC_WARN_UNUSED_FUNCTION = YES;
				GCC_WARN_UNUSED_VARIABLE = YES;
				IPHONEOS_DEPLOYMENT_TARGET = 14.5;
				MTL_ENABLE_DEBUG_INFO = NO;
				MTL_FAST_MATH = YES;
				SDKROOT = iphoneos;
				SWIFT_COMPILATION_MODE = wholemodule;
				SWIFT_OPTIMIZATION_LEVEL = "-O";
				VALIDATE_PRODUCT = YES;
			};
			name = Release;
		};
		9635E5432778A205009E82D4 /* Debug */ = {
			isa = XCBuildConfiguration;
			buildSettings = {
				ASSETCATALOG_COMPILER_APPICON_NAME = AppIcon;
				ASSETCATALOG_COMPILER_GLOBAL_ACCENT_COLOR_NAME = AccentColor;
				CODE_SIGN_STYLE = Automatic;
				DEVELOPMENT_TEAM = C3U3K8MPRH;
				INFOPLIST_FILE = "Supporting Files/Info.plist";
				IPHONEOS_DEPLOYMENT_TARGET = 14.4;
				LD_RUNPATH_SEARCH_PATHS = (
					"$(inherited)",
					"@executable_path/Frameworks",
				);
				PRODUCT_BUNDLE_IDENTIFIER = "s21.Swifty-Proteins";
				PRODUCT_NAME = "$(TARGET_NAME)";
				SWIFT_OBJC_BRIDGING_HEADER = "Swifty-Bridging-Header.h";
				SWIFT_VERSION = 5.0;
				TARGETED_DEVICE_FAMILY = "1,2";
			};
			name = Debug;
		};
		9635E5442778A205009E82D4 /* Release */ = {
			isa = XCBuildConfiguration;
			buildSettings = {
				ASSETCATALOG_COMPILER_APPICON_NAME = AppIcon;
				ASSETCATALOG_COMPILER_GLOBAL_ACCENT_COLOR_NAME = AccentColor;
				CODE_SIGN_STYLE = Automatic;
				DEVELOPMENT_TEAM = C3U3K8MPRH;
				INFOPLIST_FILE = "Supporting Files/Info.plist";
				IPHONEOS_DEPLOYMENT_TARGET = 14.4;
				LD_RUNPATH_SEARCH_PATHS = (
					"$(inherited)",
					"@executable_path/Frameworks",
				);
				PRODUCT_BUNDLE_IDENTIFIER = "s21.Swifty-Proteins";
				PRODUCT_NAME = "$(TARGET_NAME)";
				SWIFT_OBJC_BRIDGING_HEADER = "Swifty-Bridging-Header.h";
				SWIFT_VERSION = 5.0;
				TARGETED_DEVICE_FAMILY = "1,2";
			};
			name = Release;
		};
/* End XCBuildConfiguration section */

/* Begin XCConfigurationList section */
		9635E5292778A202009E82D4 /* Build configuration list for PBXProject "Swifty Proteins" */ = {
			isa = XCConfigurationList;
			buildConfigurations = (
				9635E5402778A205009E82D4 /* Debug */,
				9635E5412778A205009E82D4 /* Release */,
			);
			defaultConfigurationIsVisible = 0;
			defaultConfigurationName = Release;
		};
		9635E5422778A205009E82D4 /* Build configuration list for PBXNativeTarget "Swifty Proteins" */ = {
			isa = XCConfigurationList;
			buildConfigurations = (
				9635E5432778A205009E82D4 /* Debug */,
				9635E5442778A205009E82D4 /* Release */,
			);
			defaultConfigurationIsVisible = 0;
			defaultConfigurationName = Release;
		};
/* End XCConfigurationList section */

/* Begin XCRemoteSwiftPackageReference section */
		F61F3C6D2788C9F1009FA510 /* XCRemoteSwiftPackageReference "UITextView-Placeholder" */ = {
			isa = XCRemoteSwiftPackageReference;
			repositoryURL = "https://github.com/devxoul/UITextView-Placeholder";
			requirement = {
				kind = upToNextMajorVersion;
				minimumVersion = 1.4.0;
			};
		};
/* End XCRemoteSwiftPackageReference section */

/* Begin XCSwiftPackageProductDependency section */
		F61F3C6E2788C9F1009FA510 /* UITextView+Placeholder */ = {
			isa = XCSwiftPackageProductDependency;
			package = F61F3C6D2788C9F1009FA510 /* XCRemoteSwiftPackageReference "UITextView-Placeholder" */;
			productName = "UITextView+Placeholder";
		};
/* End XCSwiftPackageProductDependency section */
	};
	rootObject = 9635E5262778A202009E82D4 /* Project object */;
}
